
Microsoft Visual Studio Solution File, Format Version 12.00
# Visual Studio 14
VisualStudioVersion = 14.0.25420.1
MinimumVisualStudioVersion = 10.0.40219.1
Project("{FAE04EC0-301F-11D3-BF4B-00C04F79EFBC}") = "ICC.Repository.Test", "src\ICC.Repository.Test\ICC.Repository.Test.csproj", "{3B5F0AEA-322F-4523-95E0-507BC105D9B6}"
EndProject
Project("{FAE04EC0-301F-11D3-BF4B-00C04F79EFBC}") = "ICC.Repository", "src\ICC.Repository\ICC.Repository.csproj", "{EC4D0096-7014-43FD-B0A6-174A51842DD7}"
EndProject
Project("{FAE04EC0-301F-11D3-BF4B-00C04F79EFBC}") = "ICC.Api.Http", "src\ICC.Api.Http\ICC.Api.Http.csproj", "{600A44DA-4B16-43BD-9BA1-08E475F7E706}"
EndProject
Project("{FAE04EC0-301F-11D3-BF4B-00C04F79EFBC}") = "ICC.IRepository", "src\ICC.IRepository\ICC.IRepository.csproj", "{C4ED5B45-6ED5-4079-AF32-F99A3E58C271}"
EndProject
Project("{FAE04EC0-301F-11D3-BF4B-00C04F79EFBC}") = "ICC.Data", "src\ICC.Data\ICC.Data.csproj", "{FF23FA05-2B41-452C-915D-A2EB0B23260E}"
EndProject
Global
	GlobalSection(SolutionConfigurationPlatforms) = preSolution
		Debug|Any CPU = Debug|Any CPU
		Debug|ARM = Debug|ARM
		Debug|x64 = Debug|x64
		Debug|x86 = Debug|x86
		Release|Any CPU = Release|Any CPU
		Release|ARM = Release|ARM
		Release|x64 = Release|x64
		Release|x86 = Release|x86
	EndGlobalSection
	GlobalSection(ProjectConfigurationPlatforms) = postSolution
		{3B5F0AEA-322F-4523-95E0-507BC105D9B6}.Debug|Any CPU.ActiveCfg = Debug|Any CPU
		{3B5F0AEA-322F-4523-95E0-507BC105D9B6}.Debug|Any CPU.Build.0 = Debug|Any CPU
		{3B5F0AEA-322F-4523-95E0-507BC105D9B6}.Debug|ARM.ActiveCfg = Debug|Any CPU
		{3B5F0AEA-322F-4523-95E0-507BC105D9B6}.Debug|ARM.Build.0 = Debug|Any CPU
		{3B5F0AEA-322F-4523-95E0-507BC105D9B6}.Debug|x64.ActiveCfg = Debug|Any CPU
		{3B5F0AEA-322F-4523-95E0-507BC105D9B6}.Debug|x64.Build.0 = Debug|Any CPU
		{3B5F0AEA-322F-4523-95E0-507BC105D9B6}.Debug|x86.ActiveCfg = Debug|Any CPU
		{3B5F0AEA-322F-4523-95E0-507BC105D9B6}.Debug|x86.Build.0 = Debug|Any CPU
		{3B5F0AEA-322F-4523-95E0-507BC105D9B6}.Release|Any CPU.ActiveCfg = Release|Any CPU
		{3B5F0AEA-322F-4523-95E0-507BC105D9B6}.Release|Any CPU.Build.0 = Release|Any CPU
		{3B5F0AEA-322F-4523-95E0-507BC105D9B6}.Release|ARM.ActiveCfg = Release|Any CPU
		{3B5F0AEA-322F-4523-95E0-507BC105D9B6}.Release|ARM.Build.0 = Release|Any CPU
		{3B5F0AEA-322F-4523-95E0-507BC105D9B6}.Release|x64.ActiveCfg = Release|Any CPU
		{3B5F0AEA-322F-4523-95E0-507BC105D9B6}.Release|x64.Build.0 = Release|Any CPU
		{3B5F0AEA-322F-4523-95E0-507BC105D9B6}.Release|x86.ActiveCfg = Release|Any CPU
		{3B5F0AEA-322F-4523-95E0-507BC105D9B6}.Release|x86.Build.0 = Release|Any CPU
		{EC4D0096-7014-43FD-B0A6-174A51842DD7}.Debug|Any CPU.ActiveCfg = Debug|Any CPU
		{EC4D0096-7014-43FD-B0A6-174A51842DD7}.Debug|Any CPU.Build.0 = Debug|Any CPU
		{EC4D0096-7014-43FD-B0A6-174A51842DD7}.Debug|ARM.ActiveCfg = Debug|Any CPU
		{EC4D0096-7014-43FD-B0A6-174A51842DD7}.Debug|ARM.Build.0 = Debug|Any CPU
		{EC4D0096-7014-43FD-B0A6-174A51842DD7}.Debug|x64.ActiveCfg = Debug|Any CPU
		{EC4D0096-7014-43FD-B0A6-174A51842DD7}.Debug|x64.Build.0 = Debug|Any CPU
		{EC4D0096-7014-43FD-B0A6-174A51842DD7}.Debug|x86.ActiveCfg = Debug|Any CPU
		{EC4D0096-7014-43FD-B0A6-174A51842DD7}.Debug|x86.Build.0 = Debug|Any CPU
		{EC4D0096-7014-43FD-B0A6-174A51842DD7}.Release|Any CPU.ActiveCfg = Release|Any CPU
		{EC4D0096-7014-43FD-B0A6-174A51842DD7}.Release|Any CPU.Build.0 = Release|Any CPU
		{EC4D0096-7014-43FD-B0A6-174A51842DD7}.Release|ARM.ActiveCfg = Release|Any CPU
		{EC4D0096-7014-43FD-B0A6-174A51842DD7}.Release|ARM.Build.0 = Release|Any CPU
		{EC4D0096-7014-43FD-B0A6-174A51842DD7}.Release|x64.ActiveCfg = Release|Any CPU
		{EC4D0096-7014-43FD-B0A6-174A51842DD7}.Release|x64.Build.0 = Release|Any CPU
		{EC4D0096-7014-43FD-B0A6-174A51842DD7}.Release|x86.ActiveCfg = Release|Any CPU
		{EC4D0096-7014-43FD-B0A6-174A51842DD7}.Release|x86.Build.0 = Release|Any CPU
		{600A44DA-4B16-43BD-9BA1-08E475F7E706}.Debug|Any CPU.ActiveCfg = Debug|Any CPU
		{600A44DA-4B16-43BD-9BA1-08E475F7E706}.Debug|Any CPU.Build.0 = Debug|Any CPU
		{600A44DA-4B16-43BD-9BA1-08E475F7E706}.Debug|ARM.ActiveCfg = Debug|Any CPU
		{600A44DA-4B16-43BD-9BA1-08E475F7E706}.Debug|ARM.Build.0 = Debug|Any CPU
		{600A44DA-4B16-43BD-9BA1-08E475F7E706}.Debug|x64.ActiveCfg = Debug|Any CPU
		{600A44DA-4B16-43BD-9BA1-08E475F7E706}.Debug|x64.Build.0 = Debug|Any CPU
		{600A44DA-4B16-43BD-9BA1-08E475F7E706}.Debug|x86.ActiveCfg = Debug|Any CPU
		{600A44DA-4B16-43BD-9BA1-08E475F7E706}.Debug|x86.Build.0 = Debug|Any CPU
		{600A44DA-4B16-43BD-9BA1-08E475F7E706}.Release|Any CPU.ActiveCfg = Release|Any CPU
		{600A44DA-4B16-43BD-9BA1-08E475F7E706}.Release|Any CPU.Build.0 = Release|Any CPU
		{600A44DA-4B16-43BD-9BA1-08E475F7E706}.Release|ARM.ActiveCfg = Release|Any CPU
		{600A44DA-4B16-43BD-9BA1-08E475F7E706}.Release|ARM.Build.0 = Release|Any CPU
		{600A44DA-4B16-43BD-9BA1-08E475F7E706}.Release|x64.ActiveCfg = Release|Any CPU
		{600A44DA-4B16-43BD-9BA1-08E475F7E706}.Release|x64.Build.0 = Release|Any CPU
		{600A44DA-4B16-43BD-9BA1-08E475F7E706}.Release|x86.ActiveCfg = Release|Any CPU
		{600A44DA-4B16-43BD-9BA1-08E475F7E706}.Release|x86.Build.0 = Release|Any CPU
		{C4ED5B45-6ED5-4079-AF32-F99A3E58C271}.Debug|Any CPU.ActiveCfg = Debug|Any CPU
		{C4ED5B45-6ED5-4079-AF32-F99A3E58C271}.Debug|Any CPU.Build.0 = Debug|Any CPU
		{C4ED5B45-6ED5-4079-AF32-F99A3E58C271}.Debug|ARM.ActiveCfg = Debug|Any CPU
		{C4ED5B45-6ED5-4079-AF32-F99A3E58C271}.Debug|ARM.Build.0 = Debug|Any CPU
		{C4ED5B45-6ED5-4079-AF32-F99A3E58C271}.Debug|x64.ActiveCfg = Debug|Any CPU
		{C4ED5B45-6ED5-4079-AF32-F99A3E58C271}.Debug|x64.Build.0 = Debug|Any CPU
		{C4ED5B45-6ED5-4079-AF32-F99A3E58C271}.Debug|x86.ActiveCfg = Debug|Any CPU
		{C4ED5B45-6ED5-4079-AF32-F99A3E58C271}.Debug|x86.Build.0 = Debug|Any CPU
		{C4ED5B45-6ED5-4079-AF32-F99A3E58C271}.Release|Any CPU.ActiveCfg = Release|Any CPU
		{C4ED5B45-6ED5-4079-AF32-F99A3E58C271}.Release|Any CPU.Build.0 = Release|Any CPU
		{C4ED5B45-6ED5-4079-AF32-F99A3E58C271}.Release|ARM.ActiveCfg = Release|Any CPU
		{C4ED5B45-6ED5-4079-AF32-F99A3E58C271}.Release|ARM.Build.0 = Release|Any CPU
		{C4ED5B45-6ED5-4079-AF32-F99A3E58C271}.Release|x64.ActiveCfg = Release|Any CPU
		{C4ED5B45-6ED5-4079-AF32-F99A3E58C271}.Release|x64.Build.0 = Release|Any CPU
		{C4ED5B45-6ED5-4079-AF32-F99A3E58C271}.Release|x86.ActiveCfg = Release|Any CPU
		{C4ED5B45-6ED5-4079-AF32-F99A3E58C271}.Release|x86.Build.0 = Release|Any CPU
		{FF23FA05-2B41-452C-915D-A2EB0B23260E}.Debug|Any CPU.ActiveCfg = Debug|Any CPU
		{FF23FA05-2B41-452C-915D-A2EB0B23260E}.Debug|Any CPU.Build.0 = Debug|Any CPU
		{FF23FA05-2B41-452C-915D-A2EB0B23260E}.Debug|ARM.ActiveCfg = Debug|Any CPU
		{FF23FA05-2B41-452C-915D-A2EB0B23260E}.Debug|ARM.Build.0 = Debug|Any CPU
		{FF23FA05-2B41-452C-915D-A2EB0B23260E}.Debug|x64.ActiveCfg = Debug|Any CPU
		{FF23FA05-2B41-452C-915D-A2EB0B23260E}.Debug|x64.Build.0 = Debug|Any CPU
		{FF23FA05-2B41-452C-915D-A2EB0B23260E}.Debug|x86.ActiveCfg = Debug|Any CPU
		{FF23FA05-2B41-452C-915D-A2EB0B23260E}.Debug|x86.Build.0 = Debug|Any CPU
		{FF23FA05-2B41-452C-915D-A2EB0B23260E}.Release|Any CPU.ActiveCfg = Release|Any CPU
		{FF23FA05-2B41-452C-915D-A2EB0B23260E}.Release|Any CPU.Build.0 = Release|Any CPU
		{FF23FA05-2B41-452C-915D-A2EB0B23260E}.Release|ARM.ActiveCfg = Release|Any CPU
		{FF23FA05-2B41-452C-915D-A2EB0B23260E}.Release|ARM.Build.0 = Release|Any CPU
		{FF23FA05-2B41-452C-915D-A2EB0B23260E}.Release|x64.ActiveCfg = Release|Any CPU
		{FF23FA05-2B41-452C-915D-A2EB0B23260E}.Release|x64.Build.0 = Release|Any CPU
		{FF23FA05-2B41-452C-915D-A2EB0B23260E}.Release|x86.ActiveCfg = Release|Any CPU
		{FF23FA05-2B41-452C-915D-A2EB0B23260E}.Release|x86.Build.0 = Release|Any CPU
	EndGlobalSection
	GlobalSection(SolutionProperties) = preSolution
		HideSolutionNode = FALSE
	EndGlobalSection
EndGlobal
